// !$*UTF8*$!
{
	archiveVersion = 1;
	classes = {
	};
	objectVersion = 55;
	objects = {

/* Begin PBXBuildFile section */
		2B01627428C8A92D001D4CEC /* AppDelegate.swift in Sources */ = {isa = PBXBuildFile; fileRef = 2B01627328C8A92D001D4CEC /* AppDelegate.swift */; };
		2B01627628C8A92D001D4CEC /* SceneDelegate.swift in Sources */ = {isa = PBXBuildFile; fileRef = 2B01627528C8A92D001D4CEC /* SceneDelegate.swift */; };
		2B01627828C8A92D001D4CEC /* ViewController.swift in Sources */ = {isa = PBXBuildFile; fileRef = 2B01627728C8A92D001D4CEC /* ViewController.swift */; };
		2B01627B28C8A92D001D4CEC /* Main.storyboard in Resources */ = {isa = PBXBuildFile; fileRef = 2B01627928C8A92D001D4CEC /* Main.storyboard */; };
		2B01627D28C8A92E001D4CEC /* Assets.xcassets in Resources */ = {isa = PBXBuildFile; fileRef = 2B01627C28C8A92E001D4CEC /* Assets.xcassets */; };
		2B01628028C8A92E001D4CEC /* LaunchScreen.storyboard in Resources */ = {isa = PBXBuildFile; fileRef = 2B01627E28C8A92E001D4CEC /* LaunchScreen.storyboard */; };
		2B01628B28C8A92E001D4CEC /* UnitTestCaseTests.swift in Sources */ = {isa = PBXBuildFile; fileRef = 2B01628A28C8A92E001D4CEC /* UnitTestCaseTests.swift */; };
		2B01629528C8A92E001D4CEC /* UnitTestCaseUITests.swift in Sources */ = {isa = PBXBuildFile; fileRef = 2B01629428C8A92E001D4CEC /* UnitTestCaseUITests.swift */; };
		2B01629728C8A92E001D4CEC /* UnitTestCaseUITestsLaunchTests.swift in Sources */ = {isa = PBXBuildFile; fileRef = 2B01629628C8A92E001D4CEC /* UnitTestCaseUITestsLaunchTests.swift */; };
		2B0162A428C8BAA1001D4CEC /* UserModel.swift in Sources */ = {isa = PBXBuildFile; fileRef = 2B0162A328C8BAA1001D4CEC /* UserModel.swift */; };
		2B0162A628C8BAD6001D4CEC /* UserViewModel.swift in Sources */ = {isa = PBXBuildFile; fileRef = 2B0162A528C8BAD6001D4CEC /* UserViewModel.swift */; };
		CD2C87CA610F838DFD5F2E68 /* Pods_UnitTestCase.framework in Frameworks */ = {isa = PBXBuildFile; fileRef = 784F7E6543648D3C1D73E5B8 /* Pods_UnitTestCase.framework */; };
		D09389A2397D45C2286ACB47 /* Pods_UnitTestCase_UnitTestCaseUITests.framework in Frameworks */ = {isa = PBXBuildFile; fileRef = 11947F31AD66F7519344EE46 /* Pods_UnitTestCase_UnitTestCaseUITests.framework */; };
		F6F49C79B800B04156076BCE /* Pods_UnitTestCaseTests.framework in Frameworks */ = {isa = PBXBuildFile; fileRef = 6C957A084D97D8DD1BE5459E /* Pods_UnitTestCaseTests.framework */; };
/* End PBXBuildFile section */

/* Begin PBXContainerItemProxy section */
		2B01628728C8A92E001D4CEC /* PBXContainerItemProxy */ = {
			isa = PBXContainerItemProxy;
			containerPortal = 2B01626828C8A92D001D4CEC /* Project object */;
			proxyType = 1;
			remoteGlobalIDString = 2B01626F28C8A92D001D4CEC;
			remoteInfo = UnitTestCase;
		};
		2B01629128C8A92E001D4CEC /* PBXContainerItemProxy */ = {
			isa = PBXContainerItemProxy;
			containerPortal = 2B01626828C8A92D001D4CEC /* Project object */;
			proxyType = 1;
			remoteGlobalIDString = 2B01626F28C8A92D001D4CEC;
			remoteInfo = UnitTestCase;
		};
/* End PBXContainerItemProxy section */

/* Begin PBXFileReference section */
		0149ECAA98A71E2E8DD34138 /* Pods-UnitTestCase.debug.xcconfig */ = {isa = PBXFileReference; includeInIndex = 1; lastKnownFileType = text.xcconfig; name = "Pods-UnitTestCase.debug.xcconfig"; path = "Target Support Files/Pods-UnitTestCase/Pods-UnitTestCase.debug.xcconfig"; sourceTree = "<group>"; };
		11947F31AD66F7519344EE46 /* Pods_UnitTestCase_UnitTestCaseUITests.framework */ = {isa = PBXFileReference; explicitFileType = wrapper.framework; includeInIndex = 0; path = Pods_UnitTestCase_UnitTestCaseUITests.framework; sourceTree = BUILT_PRODUCTS_DIR; };
		2B01627028C8A92D001D4CEC /* UnitTestCase.app */ = {isa = PBXFileReference; explicitFileType = wrapper.application; includeInIndex = 0; path = UnitTestCase.app; sourceTree = BUILT_PRODUCTS_DIR; };
		2B01627328C8A92D001D4CEC /* AppDelegate.swift */ = {isa = PBXFileReference; lastKnownFileType = sourcecode.swift; path = AppDelegate.swift; sourceTree = "<group>"; };
		2B01627528C8A92D001D4CEC /* SceneDelegate.swift */ = {isa = PBXFileReference; lastKnownFileType = sourcecode.swift; path = SceneDelegate.swift; sourceTree = "<group>"; };
		2B01627728C8A92D001D4CEC /* ViewController.swift */ = {isa = PBXFileReference; lastKnownFileType = sourcecode.swift; path = ViewController.swift; sourceTree = "<group>"; };
		2B01627A28C8A92D001D4CEC /* Base */ = {isa = PBXFileReference; lastKnownFileType = file.storyboard; name = Base; path = Base.lproj/Main.storyboard; sourceTree = "<group>"; };
		2B01627C28C8A92E001D4CEC /* Assets.xcassets */ = {isa = PBXFileReference; lastKnownFileType = folder.assetcatalog; path = Assets.xcassets; sourceTree = "<group>"; };
		2B01627F28C8A92E001D4CEC /* Base */ = {isa = PBXFileReference; lastKnownFileType = file.storyboard; name = Base; path = Base.lproj/LaunchScreen.storyboard; sourceTree = "<group>"; };
		2B01628128C8A92E001D4CEC /* Info.plist */ = {isa = PBXFileReference; lastKnownFileType = text.plist.xml; path = Info.plist; sourceTree = "<group>"; };
		2B01628628C8A92E001D4CEC /* UnitTestCaseTests.xctest */ = {isa = PBXFileReference; explicitFileType = wrapper.cfbundle; includeInIndex = 0; path = UnitTestCaseTests.xctest; sourceTree = BUILT_PRODUCTS_DIR; };
		2B01628A28C8A92E001D4CEC /* UnitTestCaseTests.swift */ = {isa = PBXFileReference; lastKnownFileType = sourcecode.swift; path = UnitTestCaseTests.swift; sourceTree = "<group>"; };
		2B01629028C8A92E001D4CEC /* UnitTestCaseUITests.xctest */ = {isa = PBXFileReference; explicitFileType = wrapper.cfbundle; includeInIndex = 0; path = UnitTestCaseUITests.xctest; sourceTree = BUILT_PRODUCTS_DIR; };
		2B01629428C8A92E001D4CEC /* UnitTestCaseUITests.swift */ = {isa = PBXFileReference; lastKnownFileType = sourcecode.swift; path = UnitTestCaseUITests.swift; sourceTree = "<group>"; };
		2B01629628C8A92E001D4CEC /* UnitTestCaseUITestsLaunchTests.swift */ = {isa = PBXFileReference; lastKnownFileType = sourcecode.swift; path = UnitTestCaseUITestsLaunchTests.swift; sourceTree = "<group>"; };
		2B0162A328C8BAA1001D4CEC /* UserModel.swift */ = {isa = PBXFileReference; lastKnownFileType = sourcecode.swift; path = UserModel.swift; sourceTree = "<group>"; };
		2B0162A528C8BAD6001D4CEC /* UserViewModel.swift */ = {isa = PBXFileReference; lastKnownFileType = sourcecode.swift; path = UserViewModel.swift; sourceTree = "<group>"; };
		6C957A084D97D8DD1BE5459E /* Pods_UnitTestCaseTests.framework */ = {isa = PBXFileReference; explicitFileType = wrapper.framework; includeInIndex = 0; path = Pods_UnitTestCaseTests.framework; sourceTree = BUILT_PRODUCTS_DIR; };
		784F7E6543648D3C1D73E5B8 /* Pods_UnitTestCase.framework */ = {isa = PBXFileReference; explicitFileType = wrapper.framework; includeInIndex = 0; path = Pods_UnitTestCase.framework; sourceTree = BUILT_PRODUCTS_DIR; };
		BA086F08E462EDA5E45BEB90 /* Pods-UnitTestCaseTests.release.xcconfig */ = {isa = PBXFileReference; includeInIndex = 1; lastKnownFileType = text.xcconfig; name = "Pods-UnitTestCaseTests.release.xcconfig"; path = "Target Support Files/Pods-UnitTestCaseTests/Pods-UnitTestCaseTests.release.xcconfig"; sourceTree = "<group>"; };
		D3CE3969DDB1E896ED5A10E3 /* Pods-UnitTestCase.release.xcconfig */ = {isa = PBXFileReference; includeInIndex = 1; lastKnownFileType = text.xcconfig; name = "Pods-UnitTestCase.release.xcconfig"; path = "Target Support Files/Pods-UnitTestCase/Pods-UnitTestCase.release.xcconfig"; sourceTree = "<group>"; };
		DE90D87D5A5E717F6355417D /* Pods-UnitTestCase-UnitTestCaseUITests.debug.xcconfig */ = {isa = PBXFileReference; includeInIndex = 1; lastKnownFileType = text.xcconfig; name = "Pods-UnitTestCase-UnitTestCaseUITests.debug.xcconfig"; path = "Target Support Files/Pods-UnitTestCase-UnitTestCaseUITests/Pods-UnitTestCase-UnitTestCaseUITests.debug.xcconfig"; sourceTree = "<group>"; };
		F4D28B42AD4868A22E72BD52 /* Pods-UnitTestCase-UnitTestCaseUITests.release.xcconfig */ = {isa = PBXFileReference; includeInIndex = 1; lastKnownFileType = text.xcconfig; name = "Pods-UnitTestCase-UnitTestCaseUITests.release.xcconfig"; path = "Target Support Files/Pods-UnitTestCase-UnitTestCaseUITests/Pods-UnitTestCase-UnitTestCaseUITests.release.xcconfig"; sourceTree = "<group>"; };
		F78D0C9F3B8963D4DE5E7A35 /* Pods-UnitTestCaseTests.debug.xcconfig */ = {isa = PBXFileReference; includeInIndex = 1; lastKnownFileType = text.xcconfig; name = "Pods-UnitTestCaseTests.debug.xcconfig"; path = "Target Support Files/Pods-UnitTestCaseTests/Pods-UnitTestCaseTests.debug.xcconfig"; sourceTree = "<group>"; };
/* End PBXFileReference section */

/* Begin PBXFrameworksBuildPhase section */
		2B01626D28C8A92D001D4CEC /* Frameworks */ = {
			isa = PBXFrameworksBuildPhase;
			buildActionMask = 2147483647;
			files = (
				CD2C87CA610F838DFD5F2E68 /* Pods_UnitTestCase.framework in Frameworks */,
			);
			runOnlyForDeploymentPostprocessing = 0;
		};
		2B01628328C8A92E001D4CEC /* Frameworks */ = {
			isa = PBXFrameworksBuildPhase;
			buildActionMask = 2147483647;
			files = (
				F6F49C79B800B04156076BCE /* Pods_UnitTestCaseTests.framework in Frameworks */,
			);
			runOnlyForDeploymentPostprocessing = 0;
		};
		2B01628D28C8A92E001D4CEC /* Frameworks */ = {
			isa = PBXFrameworksBuildPhase;
			buildActionMask = 2147483647;
			files = (
				D09389A2397D45C2286ACB47 /* Pods_UnitTestCase_UnitTestCaseUITests.framework in Frameworks */,
			);
			runOnlyForDeploymentPostprocessing = 0;
		};
/* End PBXFrameworksBuildPhase section */

/* Begin PBXGroup section */
		1FC3E13434A37234287077CA /* Pods */ = {
			isa = PBXGroup;
			children = (
				0149ECAA98A71E2E8DD34138 /* Pods-UnitTestCase.debug.xcconfig */,
				D3CE3969DDB1E896ED5A10E3 /* Pods-UnitTestCase.release.xcconfig */,
				DE90D87D5A5E717F6355417D /* Pods-UnitTestCase-UnitTestCaseUITests.debug.xcconfig */,
				F4D28B42AD4868A22E72BD52 /* Pods-UnitTestCase-UnitTestCaseUITests.release.xcconfig */,
				F78D0C9F3B8963D4DE5E7A35 /* Pods-UnitTestCaseTests.debug.xcconfig */,
				BA086F08E462EDA5E45BEB90 /* Pods-UnitTestCaseTests.release.xcconfig */,
			);
			name = Pods;
			path = Pods;
			sourceTree = "<group>";
		};
		2B01626728C8A92D001D4CEC = {
			isa = PBXGroup;
			children = (
				2B01627228C8A92D001D4CEC /* UnitTestCase */,
				2B01628928C8A92E001D4CEC /* UnitTestCaseTests */,
				2B01629328C8A92E001D4CEC /* UnitTestCaseUITests */,
				2B01627128C8A92D001D4CEC /* Products */,
				1FC3E13434A37234287077CA /* Pods */,
				AA24FA28154EC2DDA943EBBE /* Frameworks */,
			);
			sourceTree = "<group>";
		};
		2B01627128C8A92D001D4CEC /* Products */ = {
			isa = PBXGroup;
			children = (
				2B01627028C8A92D001D4CEC /* UnitTestCase.app */,
				2B01628628C8A92E001D4CEC /* UnitTestCaseTests.xctest */,
				2B01629028C8A92E001D4CEC /* UnitTestCaseUITests.xctest */,
			);
			name = Products;
			sourceTree = "<group>";
		};
		2B01627228C8A92D001D4CEC /* UnitTestCase */ = {
			isa = PBXGroup;
			children = (
				2B0162A328C8BAA1001D4CEC /* UserModel.swift */,
				2B0162A528C8BAD6001D4CEC /* UserViewModel.swift */,
				2B01627328C8A92D001D4CEC /* AppDelegate.swift */,
				2B01627528C8A92D001D4CEC /* SceneDelegate.swift */,
				2B01627728C8A92D001D4CEC /* ViewController.swift */,
				2B01627928C8A92D001D4CEC /* Main.storyboard */,
				2B01627C28C8A92E001D4CEC /* Assets.xcassets */,
				2B01627E28C8A92E001D4CEC /* LaunchScreen.storyboard */,
				2B01628128C8A92E001D4CEC /* Info.plist */,
			);
			path = UnitTestCase;
			sourceTree = "<group>";
		};
		2B01628928C8A92E001D4CEC /* UnitTestCaseTests */ = {
			isa = PBXGroup;
			children = (
				2B01628A28C8A92E001D4CEC /* UnitTestCaseTests.swift */,
			);
			path = UnitTestCaseTests;
			sourceTree = "<group>";
		};
		2B01629328C8A92E001D4CEC /* UnitTestCaseUITests */ = {
			isa = PBXGroup;
			children = (
				2B01629428C8A92E001D4CEC /* UnitTestCaseUITests.swift */,
				2B01629628C8A92E001D4CEC /* UnitTestCaseUITestsLaunchTests.swift */,
			);
			path = UnitTestCaseUITests;
			sourceTree = "<group>";
		};
		AA24FA28154EC2DDA943EBBE /* Frameworks */ = {
			isa = PBXGroup;
			children = (
				784F7E6543648D3C1D73E5B8 /* Pods_UnitTestCase.framework */,
				11947F31AD66F7519344EE46 /* Pods_UnitTestCase_UnitTestCaseUITests.framework */,
				6C957A084D97D8DD1BE5459E /* Pods_UnitTestCaseTests.framework */,
			);
			name = Frameworks;
			sourceTree = "<group>";
		};
/* End PBXGroup section */

/* Begin PBXNativeTarget section */
		2B01626F28C8A92D001D4CEC /* UnitTestCase */ = {
			isa = PBXNativeTarget;
			buildConfigurationList = 2B01629A28C8A92E001D4CEC /* Build configuration list for PBXNativeTarget "UnitTestCase" */;
			buildPhases = (
				34F321EBD3739E08170C7FC1 /* [CP] Check Pods Manifest.lock */,
				2B01626C28C8A92D001D4CEC /* Sources */,
				2B01626D28C8A92D001D4CEC /* Frameworks */,
				2B01626E28C8A92D001D4CEC /* Resources */,
			);
			buildRules = (
			);
			dependencies = (
			);
			name = UnitTestCase;
			productName = UnitTestCase;
			productReference = 2B01627028C8A92D001D4CEC /* UnitTestCase.app */;
			productType = "com.apple.product-type.application";
		};
		2B01628528C8A92E001D4CEC /* UnitTestCaseTests */ = {
			isa = PBXNativeTarget;
			buildConfigurationList = 2B01629D28C8A92E001D4CEC /* Build configuration list for PBXNativeTarget "UnitTestCaseTests" */;
			buildPhases = (
				36704B9591780E522008A7F3 /* [CP] Check Pods Manifest.lock */,
				2B01628228C8A92E001D4CEC /* Sources */,
				2B01628328C8A92E001D4CEC /* Frameworks */,
				2B01628428C8A92E001D4CEC /* Resources */,
			);
			buildRules = (
			);
			dependencies = (
				2B01628828C8A92E001D4CEC /* PBXTargetDependency */,
			);
			name = UnitTestCaseTests;
			productName = UnitTestCaseTests;
			productReference = 2B01628628C8A92E001D4CEC /* UnitTestCaseTests.xctest */;
			productType = "com.apple.product-type.bundle.unit-test";
		};
		2B01628F28C8A92E001D4CEC /* UnitTestCaseUITests */ = {
			isa = PBXNativeTarget;
			buildConfigurationList = 2B0162A028C8A92E001D4CEC /* Build configuration list for PBXNativeTarget "UnitTestCaseUITests" */;
			buildPhases = (
				63526B1D55299B91E299B031 /* [CP] Check Pods Manifest.lock */,
				2B01628C28C8A92E001D4CEC /* Sources */,
				2B01628D28C8A92E001D4CEC /* Frameworks */,
				2B01628E28C8A92E001D4CEC /* Resources */,
			);
			buildRules = (
			);
			dependencies = (
				2B01629228C8A92E001D4CEC /* PBXTargetDependency */,
			);
			name = UnitTestCaseUITests;
			productName = UnitTestCaseUITests;
			productReference = 2B01629028C8A92E001D4CEC /* UnitTestCaseUITests.xctest */;
			productType = "com.apple.product-type.bundle.ui-testing";
		};
/* End PBXNativeTarget section */

/* Begin PBXProject section */
		2B01626828C8A92D001D4CEC /* Project object */ = {
			isa = PBXProject;
			attributes = {
				BuildIndependentTargetsInParallel = 1;
				LastSwiftUpdateCheck = 1340;
				LastUpgradeCheck = 1340;
				TargetAttributes = {
					2B01626F28C8A92D001D4CEC = {
						CreatedOnToolsVersion = 13.4.1;
					};
					2B01628528C8A92E001D4CEC = {
						CreatedOnToolsVersion = 13.4.1;
						TestTargetID = 2B01626F28C8A92D001D4CEC;
					};
					2B01628F28C8A92E001D4CEC = {
						CreatedOnToolsVersion = 13.4.1;
						TestTargetID = 2B01626F28C8A92D001D4CEC;
					};
				};
			};
			buildConfigurationList = 2B01626B28C8A92D001D4CEC /* Build configuration list for PBXProject "UnitTestCase" */;
			compatibilityVersion = "Xcode 13.0";
			developmentRegion = en;
			hasScannedForEncodings = 0;
			knownRegions = (
				en,
				Base,
			);
			mainGroup = 2B01626728C8A92D001D4CEC;
			productRefGroup = 2B01627128C8A92D001D4CEC /* Products */;
			projectDirPath = "";
			projectRoot = "";
			targets = (
				2B01626F28C8A92D001D4CEC /* UnitTestCase */,
				2B01628528C8A92E001D4CEC /* UnitTestCaseTests */,
				2B01628F28C8A92E001D4CEC /* UnitTestCaseUITests */,
			);
		};
/* End PBXProject section */

/* Begin PBXResourcesBuildPhase section */
		2B01626E28C8A92D001D4CEC /* Resources */ = {
			isa = PBXResourcesBuildPhase;
			buildActionMask = 2147483647;
			files = (
				2B01628028C8A92E001D4CEC /* LaunchScreen.storyboard in Resources */,
				2B01627D28C8A92E001D4CEC /* Assets.xcassets in Resources */,
				2B01627B28C8A92D001D4CEC /* Main.storyboard in Resources */,
			);
			runOnlyForDeploymentPostprocessing = 0;
		};
		2B01628428C8A92E001D4CEC /* Resources */ = {
			isa = PBXResourcesBuildPhase;
			buildActionMask = 2147483647;
			files = (
			);
			runOnlyForDeploymentPostprocessing = 0;
		};
		2B01628E28C8A92E001D4CEC /* Resources */ = {
			isa = PBXResourcesBuildPhase;
			buildActionMask = 2147483647;
			files = (
			);
			runOnlyForDeploymentPostprocessing = 0;
		};
/* End PBXResourcesBuildPhase section */

/* Begin PBXShellScriptBuildPhase section */
		34F321EBD3739E08170C7FC1 /* [CP] Check Pods Manifest.lock */ = {
			isa = PBXShellScriptBuildPhase;
			buildActionMask = 2147483647;
			files = (
			);
			inputFileListPaths = (
			);
			inputPaths = (
				"${PODS_PODFILE_DIR_PATH}/Podfile.lock",
				"${PODS_ROOT}/Manifest.lock",
			);
			name = "[CP] Check Pods Manifest.lock";
			outputFileListPaths = (
			);
			outputPaths = (
				"$(DERIVED_FILE_DIR)/Pods-UnitTestCase-checkManifestLockResult.txt",
			);
			runOnlyForDeploymentPostprocessing = 0;
			shellPath = /bin/sh;
			shellScript = "diff \"${PODS_PODFILE_DIR_PATH}/Podfile.lock\" \"${PODS_ROOT}/Manifest.lock\" > /dev/null\nif [ $? != 0 ] ; then\n    # print error to STDERR\n    echo \"error: The sandbox is not in sync with the Podfile.lock. Run 'pod install' or update your CocoaPods installation.\" >&2\n    exit 1\nfi\n# This output is used by Xcode 'outputs' to avoid re-running this script phase.\necho \"SUCCESS\" > \"${SCRIPT_OUTPUT_FILE_0}\"\n";
			showEnvVarsInLog = 0;
		};
		36704B9591780E522008A7F3 /* [CP] Check Pods Manifest.lock */ = {
			isa = PBXShellScriptBuildPhase;
			buildActionMask = 2147483647;
			files = (
			);
			inputFileListPaths = (
			);
			inputPaths = (
				"${PODS_PODFILE_DIR_PATH}/Podfile.lock",
				"${PODS_ROOT}/Manifest.lock",
			);
			name = "[CP] Check Pods Manifest.lock";
			outputFileListPaths = (
			);
			outputPaths = (
				"$(DERIVED_FILE_DIR)/Pods-UnitTestCaseTests-checkManifestLockResult.txt",
			);
			runOnlyForDeploymentPostprocessing = 0;
			shellPath = /bin/sh;
			shellScript = "diff \"${PODS_PODFILE_DIR_PATH}/Podfile.lock\" \"${PODS_ROOT}/Manifest.lock\" > /dev/null\nif [ $? != 0 ] ; then\n    # print error to STDERR\n    echo \"error: The sandbox is not in sync with the Podfile.lock. Run 'pod install' or update your CocoaPods installation.\" >&2\n    exit 1\nfi\n# This output is used by Xcode 'outputs' to avoid re-running this script phase.\necho \"SUCCESS\" > \"${SCRIPT_OUTPUT_FILE_0}\"\n";
			showEnvVarsInLog = 0;
		};
		63526B1D55299B91E299B031 /* [CP] Check Pods Manifest.lock */ = {
			isa = PBXShellScriptBuildPhase;
			buildActionMask = 2147483647;
			files = (
			);
			inputFileListPaths = (
			);
			inputPaths = (
				"${PODS_PODFILE_DIR_PATH}/Podfile.lock",
				"${PODS_ROOT}/Manifest.lock",
			);
			name = "[CP] Check Pods Manifest.lock";
			outputFileListPaths = (
			);
			outputPaths = (
				"$(DERIVED_FILE_DIR)/Pods-UnitTestCase-UnitTestCaseUITests-checkManifestLockResult.txt",
			);
			runOnlyForDeploymentPostprocessing = 0;
			shellPath = /bin/sh;
			shellScript = "diff \"${PODS_PODFILE_DIR_PATH}/Podfile.lock\" \"${PODS_ROOT}/Manifest.lock\" > /dev/null\nif [ $? != 0 ] ; then\n    # print error to STDERR\n    echo \"error: The sandbox is not in sync with the Podfile.lock. Run 'pod install' or update your CocoaPods installation.\" >&2\n    exit 1\nfi\n# This output is used by Xcode 'outputs' to avoid re-running this script phase.\necho \"SUCCESS\" > \"${SCRIPT_OUTPUT_FILE_0}\"\n";
			showEnvVarsInLog = 0;
		};
/* End PBXShellScriptBuildPhase section */

/* Begin PBXSourcesBuildPhase section */
		2B01626C28C8A92D001D4CEC /* Sources */ = {
			isa = PBXSourcesBuildPhase;
			buildActionMask = 2147483647;
			files = (
				2B01627828C8A92D001D4CEC /* ViewController.swift in Sources */,
				2B01627428C8A92D001D4CEC /* AppDelegate.swift in Sources */,
				2B0162A428C8BAA1001D4CEC /* UserModel.swift in Sources */,
				2B0162A628C8BAD6001D4CEC /* UserViewModel.swift in Sources */,
				2B01627628C8A92D001D4CEC /* SceneDelegate.swift in Sources */,
			);
			runOnlyForDeploymentPostprocessing = 0;
		};
		2B01628228C8A92E001D4CEC /* Sources */ = {
			isa = PBXSourcesBuildPhase;
			buildActionMask = 2147483647;
			files = (
				2B01628B28C8A92E001D4CEC /* UnitTestCaseTests.swift in Sources */,
			);
			runOnlyForDeploymentPostprocessing = 0;
		};
		2B01628C28C8A92E001D4CEC /* Sources */ = {
			isa = PBXSourcesBuildPhase;
			buildActionMask = 2147483647;
			files = (
				2B01629728C8A92E001D4CEC /* UnitTestCaseUITestsLaunchTests.swift in Sources */,
				2B01629528C8A92E001D4CEC /* UnitTestCaseUITests.swift in Sources */,
			);
			runOnlyForDeploymentPostprocessing = 0;
		};
/* End PBXSourcesBuildPhase section */

/* Begin PBXTargetDependency section */
		2B01628828C8A92E001D4CEC /* PBXTargetDependency */ = {
			isa = PBXTargetDependency;
			target = 2B01626F28C8A92D001D4CEC /* UnitTestCase */;
			targetProxy = 2B01628728C8A92E001D4CEC /* PBXContainerItemProxy */;
		};
		2B01629228C8A92E001D4CEC /* PBXTargetDependency */ = {
			isa = PBXTargetDependency;
			target = 2B01626F28C8A92D001D4CEC /* UnitTestCase */;
			targetProxy = 2B01629128C8A92E001D4CEC /* PBXContainerItemProxy */;
		};
/* End PBXTargetDependency section */

/* Begin PBXVariantGroup section */
		2B01627928C8A92D001D4CEC /* Main.storyboard */ = {
			isa = PBXVariantGroup;
			children = (
				2B01627A28C8A92D001D4CEC /* Base */,
			);
			name = Main.storyboard;
			sourceTree = "<group>";
		};
		2B01627E28C8A92E001D4CEC /* LaunchScreen.storyboard */ = {
			isa = PBXVariantGroup;
			children = (
				2B01627F28C8A92E001D4CEC /* Base */,
			);
			name = LaunchScreen.storyboard;
			sourceTree = "<group>";
		};
/* End PBXVariantGroup section */

/* Begin XCBuildConfiguration section */
		2B01629828C8A92E001D4CEC /* Debug */ = {
			isa = XCBuildConfiguration;
			buildSettings = {
				ALWAYS_SEARCH_USER_PATHS = NO;
				CLANG_ANALYZER_NONNULL = YES;
				CLANG_ANALYZER_NUMBER_OBJECT_CONVERSION = YES_AGGRESSIVE;
				CLANG_CXX_LANGUAGE_STANDARD = "gnu++17";
				CLANG_ENABLE_MODULES = YES;
				CLANG_ENABLE_OBJC_ARC = YES;
				CLANG_ENABLE_OBJC_WEAK = YES;
				CLANG_WARN_BLOCK_CAPTURE_AUTORELEASING = YES;
				CLANG_WARN_BOOL_CONVERSION = YES;
				CLANG_WARN_COMMA = YES;
				CLANG_WARN_CONSTANT_CONVERSION = YES;
				CLANG_WARN_DEPRECATED_OBJC_IMPLEMENTATIONS = YES;
				CLANG_WARN_DIRECT_OBJC_ISA_USAGE = YES_ERROR;
				CLANG_WARN_DOCUMENTATION_COMMENTS = YES;
				CLANG_WARN_EMPTY_BODY = YES;
				CLANG_WARN_ENUM_CONVERSION = YES;
				CLANG_WARN_INFINITE_RECURSION = YES;
				CLANG_WARN_INT_CONVERSION = YES;
				CLANG_WARN_NON_LITERAL_NULL_CONVERSION = YES;
				CLANG_WARN_OBJC_IMPLICIT_RETAIN_SELF = YES;
				CLANG_WARN_OBJC_LITERAL_CONVERSION = YES;
				CLANG_WARN_OBJC_ROOT_CLASS = YES_ERROR;
				CLANG_WARN_QUOTED_INCLUDE_IN_FRAMEWORK_HEADER = YES;
				CLANG_WARN_RANGE_LOOP_ANALYSIS = YES;
				CLANG_WARN_STRICT_PROTOTYPES = YES;
				CLANG_WARN_SUSPICIOUS_MOVE = YES;
				CLANG_WARN_UNGUARDED_AVAILABILITY = YES_AGGRESSIVE;
				CLANG_WARN_UNREACHABLE_CODE = YES;
				CLANG_WARN__DUPLICATE_METHOD_MATCH = YES;
				COPY_PHASE_STRIP = NO;
				DEBUG_INFORMATION_FORMAT = dwarf;
				ENABLE_STRICT_OBJC_MSGSEND = YES;
				ENABLE_TESTABILITY = YES;
				GCC_C_LANGUAGE_STANDARD = gnu11;
				GCC_DYNAMIC_NO_PIC = NO;
				GCC_NO_COMMON_BLOCKS = YES;
				GCC_OPTIMIZATION_LEVEL = 0;
				GCC_PREPROCESSOR_DEFINITIONS = (
					"DEBUG=1",
					"$(inherited)",
				);
				GCC_WARN_64_TO_32_BIT_CONVERSION = YES;
				GCC_WARN_ABOUT_RETURN_TYPE = YES_ERROR;
				GCC_WARN_UNDECLARED_SELECTOR = YES;
				GCC_WARN_UNINITIALIZED_AUTOS = YES_AGGRESSIVE;
				GCC_WARN_UNUSED_FUNCTION = YES;
				GCC_WARN_UNUSED_VARIABLE = YES;
				IPHONEOS_DEPLOYMENT_TARGET = 15.5;
				MTL_ENABLE_DEBUG_INFO = INCLUDE_SOURCE;
				MTL_FAST_MATH = YES;
				ONLY_ACTIVE_ARCH = YES;
				SDKROOT = iphoneos;
				SWIFT_ACTIVE_COMPILATION_CONDITIONS = DEBUG;
				SWIFT_OPTIMIZATION_LEVEL = "-Onone";
			};
			name = Debug;
		};
		2B01629928C8A92E001D4CEC /* Release */ = {
			isa = XCBuildConfiguration;
			buildSettings = {
				ALWAYS_SEARCH_USER_PATHS = NO;
				CLANG_ANALYZER_NONNULL = YES;
				CLANG_ANALYZER_NUMBER_OBJECT_CONVERSION = YES_AGGRESSIVE;
				CLANG_CXX_LANGUAGE_STANDARD = "gnu++17";
				CLANG_ENABLE_MODULES = YES;
				CLANG_ENABLE_OBJC_ARC = YES;
				CLANG_ENABLE_OBJC_WEAK = YES;
				CLANG_WARN_BLOCK_CAPTURE_AUTORELEASING = YES;
				CLANG_WARN_BOOL_CONVERSION = YES;
				CLANG_WARN_COMMA = YES;
				CLANG_WARN_CONSTANT_CONVERSION = YES;
				CLANG_WARN_DEPRECATED_OBJC_IMPLEMENTATIONS = YES;
				CLANG_WARN_DIRECT_OBJC_ISA_USAGE = YES_ERROR;
				CLANG_WARN_DOCUMENTATION_COMMENTS = YES;
				CLANG_WARN_EMPTY_BODY = YES;
				CLANG_WARN_ENUM_CONVERSION = YES;
				CLANG_WARN_INFINITE_RECURSION = YES;
				CLANG_WARN_INT_CONVERSION = YES;
				CLANG_WARN_NON_LITERAL_NULL_CONVERSION = YES;
				CLANG_WARN_OBJC_IMPLICIT_RETAIN_SELF = YES;
				CLANG_WARN_OBJC_LITERAL_CONVERSION = YES;
				CLANG_WARN_OBJC_ROOT_CLASS = YES_ERROR;
				CLANG_WARN_QUOTED_INCLUDE_IN_FRAMEWORK_HEADER = YES;
				CLANG_WARN_RANGE_LOOP_ANALYSIS = YES;
				CLANG_WARN_STRICT_PROTOTYPES = YES;
				CLANG_WARN_SUSPICIOUS_MOVE = YES;
				CLANG_WARN_UNGUARDED_AVAILABILITY = YES_AGGRESSIVE;
				CLANG_WARN_UNREACHABLE_CODE = YES;
				CLANG_WARN__DUPLICATE_METHOD_MATCH = YES;
				COPY_PHASE_STRIP = NO;
				DEBUG_INFORMATION_FORMAT = "dwarf-with-dsym";
				ENABLE_NS_ASSERTIONS = NO;
				ENABLE_STRICT_OBJC_MSGSEND = YES;
				GCC_C_LANGUAGE_STANDARD = gnu11;
				GCC_NO_COMMON_BLOCKS = YES;
				GCC_WARN_64_TO_32_BIT_CONVERSION = YES;
				GCC_WARN_ABOUT_RETURN_TYPE = YES_ERROR;
				GCC_WARN_UNDECLARED_SELECTOR = YES;
				GCC_WARN_UNINITIALIZED_AUTOS = YES_AGGRESSIVE;
				GCC_WARN_UNUSED_FUNCTION = YES;
				GCC_WARN_UNUSED_VARIABLE = YES;
				IPHONEOS_DEPLOYMENT_TARGET = 15.5;
				MTL_ENABLE_DEBUG_INFO = NO;
				MTL_FAST_MATH = YES;
				SDKROOT = iphoneos;
				SWIFT_COMPILATION_MODE = wholemodule;
				SWIFT_OPTIMIZATION_LEVEL = "-O";
				VALIDATE_PRODUCT = YES;
			};
			name = Release;
		};
		2B01629B28C8A92E001D4CEC /* Debug */ = {
			isa = XCBuildConfiguration;
			baseConfigurationReference = 0149ECAA98A71E2E8DD34138 /* Pods-UnitTestCase.debug.xcconfig */;
			buildSettings = {
				ASSETCATALOG_COMPILER_APPICON_NAME = AppIcon;
				ASSETCATALOG_COMPILER_GLOBAL_ACCENT_COLOR_NAME = AccentColor;
				CODE_SIGN_STYLE = Automatic;
				CURRENT_PROJECT_VERSION = 1;
				DEVELOPMENT_TEAM = 5LTPQLLYU7;
				GENERATE_INFOPLIST_FILE = YES;
				INFOPLIST_FILE = UnitTestCase/Info.plist;
				INFOPLIST_KEY_UIApplicationSupportsIndirectInputEvents = YES;
				INFOPLIST_KEY_UILaunchStoryboardName = LaunchScreen;
				INFOPLIST_KEY_UIMainStoryboardFile = Main;
				INFOPLIST_KEY_UISupportedInterfaceOrientations_iPad = "UIInterfaceOrientationPortrait UIInterfaceOrientationPortraitUpsideDown UIInterfaceOrientationLandscapeLeft UIInterfaceOrientationLandscapeRight";
				INFOPLIST_KEY_UISupportedInterfaceOrientations_iPhone = "UIInterfaceOrientationPortrait UIInterfaceOrientationLandscapeLeft UIInterfaceOrientationLandscapeRight";
				LD_RUNPATH_SEARCH_PATHS = (
					"$(inherited)",
					"@executable_path/Frameworks",
				);
				MARKETING_VERSION = 1.0;
				PRODUCT_BUNDLE_IDENTIFIER = com.simform.UnitTestCase;
				PRODUCT_NAME = "$(TARGET_NAME)";
				SWIFT_EMIT_LOC_STRINGS = YES;
				SWIFT_VERSION = 5.0;
				TARGETED_DEVICE_FAMILY = "1,2";
			};
			name = Debug;
		};
		2B01629C28C8A92E001D4CEC /* Release */ = {
			isa = XCBuildConfiguration;
			baseConfigurationReference = D3CE3969DDB1E896ED5A10E3 /* Pods-UnitTestCase.release.xcconfig */;
			buildSettings = {
				ASSETCATALOG_COMPILER_APPICON_NAME = AppIcon;
				ASSETCATALOG_COMPILER_GLOBAL_ACCENT_COLOR_NAME = AccentColor;
				CODE_SIGN_STYLE = Automatic;
				CURRENT_PROJECT_VERSION = 1;
				DEVELOPMENT_TEAM = 5LTPQLLYU7;
				GENERATE_INFOPLIST_FILE = YES;
				INFOPLIST_FILE = UnitTestCase/Info.plist;
				INFOPLIST_KEY_UIApplicationSupportsIndirectInputEvents = YES;
				INFOPLIST_KEY_UILaunchStoryboardName = LaunchScreen;
				INFOPLIST_KEY_UIMainStoryboardFile = Main;
				INFOPLIST_KEY_UISupportedInterfaceOrientations_iPad = "UIInterfaceOrientationPortrait UIInterfaceOrientationPortraitUpsideDown UIInterfaceOrientationLandscapeLeft UIInterfaceOrientationLandscapeRight";
				INFOPLIST_KEY_UISupportedInterfaceOrientations_iPhone = "UIInterfaceOrientationPortrait UIInterfaceOrientationLandscapeLeft UIInterfaceOrientationLandscapeRight";
				LD_RUNPATH_SEARCH_PATHS = (
					"$(inherited)",
					"@executable_path/Frameworks",
				);
				MARKETING_VERSION = 1.0;
				PRODUCT_BUNDLE_IDENTIFIER = com.simform.UnitTestCase;
				PRODUCT_NAME = "$(TARGET_NAME)";
				SWIFT_EMIT_LOC_STRINGS = YES;
				SWIFT_VERSION = 5.0;
				TARGETED_DEVICE_FAMILY = "1,2";
			};
			name = Release;
		};
		2B01629E28C8A92E001D4CEC /* Debug */ = {
			isa = XCBuildConfiguration;
			baseConfigurationReference = F78D0C9F3B8963D4DE5E7A35 /* Pods-UnitTestCaseTests.debug.xcconfig */;
			buildSettings = {
				ALWAYS_EMBED_SWIFT_STANDARD_LIBRARIES = YES;
				BUNDLE_LOADER = "$(TEST_HOST)";
				CODE_SIGN_STYLE = Automatic;
				CURRENT_PROJECT_VERSION = 1;
				DEVELOPMENT_TEAM = 5LTPQLLYU7;
				GENERATE_INFOPLIST_FILE = YES;
				IPHONEOS_DEPLOYMENT_TARGET = 15.5;
				MARKETING_VERSION = 1.0;
				PRODUCT_BUNDLE_IDENTIFIER = com.simform.UnitTestCaseTests;
				PRODUCT_NAME = "$(TARGET_NAME)";
				SWIFT_EMIT_LOC_STRINGS = NO;
				SWIFT_VERSION = 5.0;
				TARGETED_DEVICE_FAMILY = "1,2";
				TEST_HOST = "$(BUILT_PRODUCTS_DIR)/UnitTestCase.app/UnitTestCase";
			};
			name = Debug;
		};
		2B01629F28C8A92E001D4CEC /* Release */ = {
			isa = XCBuildConfiguration;
			baseConfigurationReference = BA086F08E462EDA5E45BEB90 /* Pods-UnitTestCaseTests.release.xcconfig */;
			buildSettings = {
				ALWAYS_EMBED_SWIFT_STANDARD_LIBRARIES = YES;
				BUNDLE_LOADER = "$(TEST_HOST)";
				CODE_SIGN_STYLE = Automatic;
				CURRENT_PROJECT_VERSION = 1;
				DEVELOPMENT_TEAM = 5LTPQLLYU7;
				GENERATE_INFOPLIST_FILE = YES;
				IPHONEOS_DEPLOYMENT_TARGET = 15.5;
				MARKETING_VERSION = 1.0;
				PRODUCT_BUNDLE_IDENTIFIER = com.simform.UnitTestCaseTests;
				PRODUCT_NAME = "$(TARGET_NAME)";
				SWIFT_EMIT_LOC_STRINGS = NO;
				SWIFT_VERSION = 5.0;
				TARGETED_DEVICE_FAMILY = "1,2";
				TEST_HOST = "$(BUILT_PRODUCTS_DIR)/UnitTestCase.app/UnitTestCase";
			};
			name = Release;
		};
		2B0162A128C8A92E001D4CEC /* Debug */ = {
			isa = XCBuildConfiguration;
			baseConfigurationReference = DE90D87D5A5E717F6355417D /* Pods-UnitTestCase-UnitTestCaseUITests.debug.xcconfig */;
			buildSettings = {
				ALWAYS_EMBED_SWIFT_STANDARD_LIBRARIES = YES;
				CODE_SIGN_STYLE = Automatic;
				CURRENT_PROJECT_VERSION = 1;
				DEVELOPMENT_TEAM = 5LTPQLLYU7;
				GENERATE_INFOPLIST_FILE = YES;
				MARKETING_VERSION = 1.0;
				PRODUCT_BUNDLE_IDENTIFIER = com.simform.UnitTestCaseUITests;
				PRODUCT_NAME = "$(TARGET_NAME)";
				SWIFT_EMIT_LOC_STRINGS = NO;
				SWIFT_VERSION = 5.0;
				TARGETED_DEVICE_FAMILY = "1,2";
				TEST_TARGET_NAME = UnitTestCase;
			};
			name = Debug;
		};
		2B0162A228C8A92E001D4CEC /* Release */ = {
			isa = XCBuildConfiguration;
			baseConfigurationReference = F4D28B42AD4868A22E72BD52 /* Pods-UnitTestCase-UnitTestCaseUITests.release.xcconfig */;
			buildSettings = {
				ALWAYS_EMBED_SWIFT_STANDARD_LIBRARIES = YES;
				CODE_SIGN_STYLE = Automatic;
				CURRENT_PROJECT_VERSION = 1;
				DEVELOPMENT_TEAM = 5LTPQLLYU7;
				GENERATE_INFOPLIST_FILE = YES;
				MARKETING_VERSION = 1.0;
				PRODUCT_BUNDLE_IDENTIFIER = com.simform.UnitTestCaseUITests;
				PRODUCT_NAME = "$(TARGET_NAME)";
				SWIFT_EMIT_LOC_STRINGS = NO;
				SWIFT_VERSION = 5.0;
				TARGETED_DEVICE_FAMILY = "1,2";
				TEST_TARGET_NAME = UnitTestCase;
			};
			name = Release;
		};
/* End XCBuildConfiguration section */

/* Begin XCConfigurationList section */
		2B01626B28C8A92D001D4CEC /* Build configuration list for PBXProject "UnitTestCase" */ = {
			isa = XCConfigurationList;
			buildConfigurations = (
				2B01629828C8A92E001D4CEC /* Debug */,
				2B01629928C8A92E001D4CEC /* Release */,
			);
			defaultConfigurationIsVisible = 0;
			defaultConfigurationName = Release;
		};
		2B01629A28C8A92E001D4CEC /* Build configuration list for PBXNativeTarget "UnitTestCase" */ = {
			isa = XCConfigurationList;
			buildConfigurations = (
				2B01629B28C8A92E001D4CEC /* Debug */,
				2B01629C28C8A92E001D4CEC /* Release */,
			);
			defaultConfigurationIsVisible = 0;
			defaultConfigurationName = Release;
		};
		2B01629D28C8A92E001D4CEC /* Build configuration list for PBXNativeTarget "UnitTestCaseTests" */ = {
			isa = XCConfigurationList;
			buildConfigurations = (
				2B01629E28C8A92E001D4CEC /* Debug */,
				2B01629F28C8A92E001D4CEC /* Release */,
			);
			defaultConfigurationIsVisible = 0;
			defaultConfigurationName = Release;
		};
		2B0162A028C8A92E001D4CEC /* Build configuration list for PBXNativeTarget "UnitTestCaseUITests" */ = {
			isa = XCConfigurationList;
			buildConfigurations = (
				2B0162A128C8A92E001D4CEC /* Debug */,
				2B0162A228C8A92E001D4CEC /* Release */,
			);
			defaultConfigurationIsVisible = 0;
			defaultConfigurationName = Release;
		};
/* End XCConfigurationList section */
	};
	rootObject = 2B01626828C8A92D001D4CEC /* Project object */;
}
